// !$*UTF8*$!
{
	archiveVersion = 1;
	classes = {
	};
	objectVersion = 46;
	objects = {

/* Begin PBXBuildFile section */
		8AFA13C31E9B23A3009F8148 /* main.m in Sources */ = {isa = PBXBuildFile; fileRef = 8AFA13C21E9B23A3009F8148 /* main.m */; };
		8AFA13C61E9B23A3009F8148 /* AppDelegate.m in Sources */ = {isa = PBXBuildFile; fileRef = 8AFA13C51E9B23A3009F8148 /* AppDelegate.m */; };
		8AFA13C91E9B23A3009F8148 /* ViewController.m in Sources */ = {isa = PBXBuildFile; fileRef = 8AFA13C81E9B23A3009F8148 /* ViewController.m */; };
		8AFA13CC1E9B23A4009F8148 /* Main.storyboard in Resources */ = {isa = PBXBuildFile; fileRef = 8AFA13CA1E9B23A4009F8148 /* Main.storyboard */; };
		8AFA13CE1E9B23A4009F8148 /* Assets.xcassets in Resources */ = {isa = PBXBuildFile; fileRef = 8AFA13CD1E9B23A4009F8148 /* Assets.xcassets */; };
		8AFA13D11E9B23A4009F8148 /* LaunchScreen.storyboard in Resources */ = {isa = PBXBuildFile; fileRef = 8AFA13CF1E9B23A4009F8148 /* LaunchScreen.storyboard */; };
		8AFA14501E9B2FC8009F8148 /* Foundation+Log.m in Sources */ = {isa = PBXBuildFile; fileRef = 8AFA14221E9B2FC8009F8148 /* Foundation+Log.m */; };
		8AFA14511E9B2FC8009F8148 /* Foundation+Swizzle.m in Sources */ = {isa = PBXBuildFile; fileRef = 8AFA14231E9B2FC8009F8148 /* Foundation+Swizzle.m */; };
		8AFA14521E9B2FC8009F8148 /* JYQConst.m in Sources */ = {isa = PBXBuildFile; fileRef = 8AFA14261E9B2FC8009F8148 /* JYQConst.m */; };
		8AFA14531E9B2FC8009F8148 /* NSNumber+Extension.m in Sources */ = {isa = PBXBuildFile; fileRef = 8AFA14281E9B2FC8009F8148 /* NSNumber+Extension.m */; };
		8AFA14541E9B2FC8009F8148 /* NSString+Extension.m in Sources */ = {isa = PBXBuildFile; fileRef = 8AFA142A1E9B2FC8009F8148 /* NSString+Extension.m */; };
		8AFA14551E9B2FC8009F8148 /* UIAlertController+Block.m in Sources */ = {isa = PBXBuildFile; fileRef = 8AFA142C1E9B2FC8009F8148 /* UIAlertController+Block.m */; };
		8AFA14561E9B2FC8009F8148 /* UIBarButtonItem+Extension.m in Sources */ = {isa = PBXBuildFile; fileRef = 8AFA142E1E9B2FC8009F8148 /* UIBarButtonItem+Extension.m */; };
		8AFA14571E9B2FC8009F8148 /* UIButton+Extension.m in Sources */ = {isa = PBXBuildFile; fileRef = 8AFA14301E9B2FC8009F8148 /* UIButton+Extension.m */; };
		8AFA14581E9B2FC8009F8148 /* UIColor+HexRGB.m in Sources */ = {isa = PBXBuildFile; fileRef = 8AFA14321E9B2FC8009F8148 /* UIColor+HexRGB.m */; };
		8AFA14591E9B2FC8009F8148 /* UIImage+Extension.m in Sources */ = {isa = PBXBuildFile; fileRef = 8AFA14341E9B2FC8009F8148 /* UIImage+Extension.m */; };
		8AFA145A1E9B2FC8009F8148 /* UILabel+numberJump.m in Sources */ = {isa = PBXBuildFile; fileRef = 8AFA14361E9B2FC8009F8148 /* UILabel+numberJump.m */; };
		8AFA145B1E9B2FC8009F8148 /* UITextField+Login.m in Sources */ = {isa = PBXBuildFile; fileRef = 8AFA14381E9B2FC8009F8148 /* UITextField+Login.m */; };
		8AFA145C1E9B2FC8009F8148 /* UIView+Extension.m in Sources */ = {isa = PBXBuildFile; fileRef = 8AFA143A1E9B2FC8009F8148 /* UIView+Extension.m */; };
		8AFA145D1E9B2FC8009F8148 /* UIViewController+CustomNavigation.m in Sources */ = {isa = PBXBuildFile; fileRef = 8AFA143C1E9B2FC8009F8148 /* UIViewController+CustomNavigation.m */; };
		8AFA145E1E9B2FC8009F8148 /* AnimationActionSheet.m in Sources */ = {isa = PBXBuildFile; fileRef = 8AFA143F1E9B2FC8009F8148 /* AnimationActionSheet.m */; };
		8AFA145F1E9B2FC8009F8148 /* AnimationDiyAlert.m in Sources */ = {isa = PBXBuildFile; fileRef = 8AFA14411E9B2FC8009F8148 /* AnimationDiyAlert.m */; };
		8AFA14601E9B2FC8009F8148 /* AnimationPopover.m in Sources */ = {isa = PBXBuildFile; fileRef = 8AFA14431E9B2FC8009F8148 /* AnimationPopover.m */; };
		8AFA14611E9B2FC8009F8148 /* AnimationPullDown.m in Sources */ = {isa = PBXBuildFile; fileRef = 8AFA14451E9B2FC8009F8148 /* AnimationPullDown.m */; };
		8AFA14621E9B2FC8009F8148 /* Animator.m in Sources */ = {isa = PBXBuildFile; fileRef = 8AFA14471E9B2FC8009F8148 /* Animator.m */; };
		8AFA14631E9B2FC8009F8148 /* MyPresentationController.m in Sources */ = {isa = PBXBuildFile; fileRef = 8AFA14491E9B2FC8009F8148 /* MyPresentationController.m */; };
		8AFA14641E9B2FC8009F8148 /* MyPresentationPopController.m in Sources */ = {isa = PBXBuildFile; fileRef = 8AFA144B1E9B2FC8009F8148 /* MyPresentationPopController.m */; };
		8AFA14651E9B2FC8009F8148 /* PopoverView.m in Sources */ = {isa = PBXBuildFile; fileRef = 8AFA144D1E9B2FC8009F8148 /* PopoverView.m */; };
		8AFA14661E9B2FC8009F8148 /* UIViewController+CustomPresentAnimation.m in Sources */ = {isa = PBXBuildFile; fileRef = 8AFA144F1E9B2FC8009F8148 /* UIViewController+CustomPresentAnimation.m */; };
/* End PBXBuildFile section */

/* Begin PBXFileReference section */
		8AFA13BE1E9B23A3009F8148 /* GLCategories.app */ = {isa = PBXFileReference; explicitFileType = wrapper.application; includeInIndex = 0; path = GLCategories.app; sourceTree = BUILT_PRODUCTS_DIR; };
		8AFA13C21E9B23A3009F8148 /* main.m */ = {isa = PBXFileReference; lastKnownFileType = sourcecode.c.objc; path = main.m; sourceTree = "<group>"; };
		8AFA13C41E9B23A3009F8148 /* AppDelegate.h */ = {isa = PBXFileReference; lastKnownFileType = sourcecode.c.h; path = AppDelegate.h; sourceTree = "<group>"; };
		8AFA13C51E9B23A3009F8148 /* AppDelegate.m */ = {isa = PBXFileReference; lastKnownFileType = sourcecode.c.objc; path = AppDelegate.m; sourceTree = "<group>"; };
		8AFA13C71E9B23A3009F8148 /* ViewController.h */ = {isa = PBXFileReference; lastKnownFileType = sourcecode.c.h; path = ViewController.h; sourceTree = "<group>"; };
		8AFA13C81E9B23A3009F8148 /* ViewController.m */ = {isa = PBXFileReference; lastKnownFileType = sourcecode.c.objc; path = ViewController.m; sourceTree = "<group>"; };
		8AFA13CB1E9B23A4009F8148 /* Base */ = {isa = PBXFileReference; lastKnownFileType = file.storyboard; name = Base; path = Base.lproj/Main.storyboard; sourceTree = "<group>"; };
		8AFA13CD1E9B23A4009F8148 /* Assets.xcassets */ = {isa = PBXFileReference; lastKnownFileType = folder.assetcatalog; path = Assets.xcassets; sourceTree = "<group>"; };
		8AFA13D01E9B23A4009F8148 /* Base */ = {isa = PBXFileReference; lastKnownFileType = file.storyboard; name = Base; path = Base.lproj/LaunchScreen.storyboard; sourceTree = "<group>"; };
		8AFA13D21E9B23A4009F8148 /* Info.plist */ = {isa = PBXFileReference; lastKnownFileType = text.plist.xml; path = Info.plist; sourceTree = "<group>"; };
		8AFA14221E9B2FC8009F8148 /* Foundation+Log.m */ = {isa = PBXFileReference; fileEncoding = 4; lastKnownFileType = sourcecode.c.objc; path = "Foundation+Log.m"; sourceTree = "<group>"; };
		8AFA14231E9B2FC8009F8148 /* Foundation+Swizzle.m */ = {isa = PBXFileReference; fileEncoding = 4; lastKnownFileType = sourcecode.c.objc; path = "Foundation+Swizzle.m"; sourceTree = "<group>"; };
		8AFA14241E9B2FC8009F8148 /* GLCategories.h */ = {isa = PBXFileReference; fileEncoding = 4; lastKnownFileType = sourcecode.c.h; path = GLCategories.h; sourceTree = "<group>"; };
		8AFA14251E9B2FC8009F8148 /* JYQConst.h */ = {isa = PBXFileReference; fileEncoding = 4; lastKnownFileType = sourcecode.c.h; path = JYQConst.h; sourceTree = "<group>"; };
		8AFA14261E9B2FC8009F8148 /* JYQConst.m */ = {isa = PBXFileReference; fileEncoding = 4; lastKnownFileType = sourcecode.c.objc; path = JYQConst.m; sourceTree = "<group>"; };
		8AFA14271E9B2FC8009F8148 /* NSNumber+Extension.h */ = {isa = PBXFileReference; fileEncoding = 4; lastKnownFileType = sourcecode.c.h; path = "NSNumber+Extension.h"; sourceTree = "<group>"; };
		8AFA14281E9B2FC8009F8148 /* NSNumber+Extension.m */ = {isa = PBXFileReference; fileEncoding = 4; lastKnownFileType = sourcecode.c.objc; path = "NSNumber+Extension.m"; sourceTree = "<group>"; };
		8AFA14291E9B2FC8009F8148 /* NSString+Extension.h */ = {isa = PBXFileReference; fileEncoding = 4; lastKnownFileType = sourcecode.c.h; path = "NSString+Extension.h"; sourceTree = "<group>"; };
		8AFA142A1E9B2FC8009F8148 /* NSString+Extension.m */ = {isa = PBXFileReference; fileEncoding = 4; lastKnownFileType = sourcecode.c.objc; path = "NSString+Extension.m"; sourceTree = "<group>"; };
		8AFA142B1E9B2FC8009F8148 /* UIAlertController+Block.h */ = {isa = PBXFileReference; fileEncoding = 4; lastKnownFileType = sourcecode.c.h; path = "UIAlertController+Block.h"; sourceTree = "<group>"; };
		8AFA142C1E9B2FC8009F8148 /* UIAlertController+Block.m */ = {isa = PBXFileReference; fileEncoding = 4; lastKnownFileType = sourcecode.c.objc; path = "UIAlertController+Block.m"; sourceTree = "<group>"; };
		8AFA142D1E9B2FC8009F8148 /* UIBarButtonItem+Extension.h */ = {isa = PBXFileReference; fileEncoding = 4; lastKnownFileType = sourcecode.c.h; path = "UIBarButtonItem+Extension.h"; sourceTree = "<group>"; };
		8AFA142E1E9B2FC8009F8148 /* UIBarButtonItem+Extension.m */ = {isa = PBXFileReference; fileEncoding = 4; lastKnownFileType = sourcecode.c.objc; path = "UIBarButtonItem+Extension.m"; sourceTree = "<group>"; };
		8AFA142F1E9B2FC8009F8148 /* UIButton+Extension.h */ = {isa = PBXFileReference; fileEncoding = 4; lastKnownFileType = sourcecode.c.h; path = "UIButton+Extension.h"; sourceTree = "<group>"; };
		8AFA14301E9B2FC8009F8148 /* UIButton+Extension.m */ = {isa = PBXFileReference; fileEncoding = 4; lastKnownFileType = sourcecode.c.objc; path = "UIButton+Extension.m"; sourceTree = "<group>"; };
		8AFA14311E9B2FC8009F8148 /* UIColor+HexRGB.h */ = {isa = PBXFileReference; fileEncoding = 4; lastKnownFileType = sourcecode.c.h; path = "UIColor+HexRGB.h"; sourceTree = "<group>"; };
		8AFA14321E9B2FC8009F8148 /* UIColor+HexRGB.m */ = {isa = PBXFileReference; fileEncoding = 4; lastKnownFileType = sourcecode.c.objc; path = "UIColor+HexRGB.m"; sourceTree = "<group>"; };
		8AFA14331E9B2FC8009F8148 /* UIImage+Extension.h */ = {isa = PBXFileReference; fileEncoding = 4; lastKnownFileType = sourcecode.c.h; path = "UIImage+Extension.h"; sourceTree = "<group>"; };
		8AFA14341E9B2FC8009F8148 /* UIImage+Extension.m */ = {isa = PBXFileReference; fileEncoding = 4; lastKnownFileType = sourcecode.c.objc; path = "UIImage+Extension.m"; sourceTree = "<group>"; };
		8AFA14351E9B2FC8009F8148 /* UILabel+numberJump.h */ = {isa = PBXFileReference; fileEncoding = 4; lastKnownFileType = sourcecode.c.h; path = "UILabel+numberJump.h"; sourceTree = "<group>"; };
		8AFA14361E9B2FC8009F8148 /* UILabel+numberJump.m */ = {isa = PBXFileReference; fileEncoding = 4; lastKnownFileType = sourcecode.c.objc; path = "UILabel+numberJump.m"; sourceTree = "<group>"; };
		8AFA14371E9B2FC8009F8148 /* UITextField+Login.h */ = {isa = PBXFileReference; fileEncoding = 4; lastKnownFileType = sourcecode.c.h; path = "UITextField+Login.h"; sourceTree = "<group>"; };
		8AFA14381E9B2FC8009F8148 /* UITextField+Login.m */ = {isa = PBXFileReference; fileEncoding = 4; lastKnownFileType = sourcecode.c.objc; path = "UITextField+Login.m"; sourceTree = "<group>"; };
		8AFA14391E9B2FC8009F8148 /* UIView+Extension.h */ = {isa = PBXFileReference; fileEncoding = 4; lastKnownFileType = sourcecode.c.h; path = "UIView+Extension.h"; sourceTree = "<group>"; };
		8AFA143A1E9B2FC8009F8148 /* UIView+Extension.m */ = {isa = PBXFileReference; fileEncoding = 4; lastKnownFileType = sourcecode.c.objc; path = "UIView+Extension.m"; sourceTree = "<group>"; };
		8AFA143B1E9B2FC8009F8148 /* UIViewController+CustomNavigation.h */ = {isa = PBXFileReference; fileEncoding = 4; lastKnownFileType = sourcecode.c.h; path = "UIViewController+CustomNavigation.h"; sourceTree = "<group>"; };
		8AFA143C1E9B2FC8009F8148 /* UIViewController+CustomNavigation.m */ = {isa = PBXFileReference; fileEncoding = 4; lastKnownFileType = sourcecode.c.objc; path = "UIViewController+CustomNavigation.m"; sourceTree = "<group>"; };
		8AFA143E1E9B2FC8009F8148 /* AnimationActionSheet.h */ = {isa = PBXFileReference; fileEncoding = 4; lastKnownFileType = sourcecode.c.h; path = AnimationActionSheet.h; sourceTree = "<group>"; };
		8AFA143F1E9B2FC8009F8148 /* AnimationActionSheet.m */ = {isa = PBXFileReference; fileEncoding = 4; lastKnownFileType = sourcecode.c.objc; path = AnimationActionSheet.m; sourceTree = "<group>"; };
		8AFA14401E9B2FC8009F8148 /* AnimationDiyAlert.h */ = {isa = PBXFileReference; fileEncoding = 4; lastKnownFileType = sourcecode.c.h; path = AnimationDiyAlert.h; sourceTree = "<group>"; };
		8AFA14411E9B2FC8009F8148 /* AnimationDiyAlert.m */ = {isa = PBXFileReference; fileEncoding = 4; lastKnownFileType = sourcecode.c.objc; path = AnimationDiyAlert.m; sourceTree = "<group>"; };
		8AFA14421E9B2FC8009F8148 /* AnimationPopover.h */ = {isa = PBXFileReference; fileEncoding = 4; lastKnownFileType = sourcecode.c.h; path = AnimationPopover.h; sourceTree = "<group>"; };
		8AFA14431E9B2FC8009F8148 /* AnimationPopover.m */ = {isa = PBXFileReference; fileEncoding = 4; lastKnownFileType = sourcecode.c.objc; path = AnimationPopover.m; sourceTree = "<group>"; };
		8AFA14441E9B2FC8009F8148 /* AnimationPullDown.h */ = {isa = PBXFileReference; fileEncoding = 4; lastKnownFileType = sourcecode.c.h; path = AnimationPullDown.h; sourceTree = "<group>"; };
		8AFA14451E9B2FC8009F8148 /* AnimationPullDown.m */ = {isa = PBXFileReference; fileEncoding = 4; lastKnownFileType = sourcecode.c.objc; path = AnimationPullDown.m; sourceTree = "<group>"; };
		8AFA14461E9B2FC8009F8148 /* Animator.h */ = {isa = PBXFileReference; fileEncoding = 4; lastKnownFileType = sourcecode.c.h; path = Animator.h; sourceTree = "<group>"; };
		8AFA14471E9B2FC8009F8148 /* Animator.m */ = {isa = PBXFileReference; fileEncoding = 4; lastKnownFileType = sourcecode.c.objc; path = Animator.m; sourceTree = "<group>"; };
		8AFA14481E9B2FC8009F8148 /* MyPresentationController.h */ = {isa = PBXFileReference; fileEncoding = 4; lastKnownFileType = sourcecode.c.h; path = MyPresentationController.h; sourceTree = "<group>"; };
		8AFA14491E9B2FC8009F8148 /* MyPresentationController.m */ = {isa = PBXFileReference; fileEncoding = 4; lastKnownFileType = sourcecode.c.objc; path = MyPresentationController.m; sourceTree = "<group>"; };
		8AFA144A1E9B2FC8009F8148 /* MyPresentationPopController.h */ = {isa = PBXFileReference; fileEncoding = 4; lastKnownFileType = sourcecode.c.h; path = MyPresentationPopController.h; sourceTree = "<group>"; };
		8AFA144B1E9B2FC8009F8148 /* MyPresentationPopController.m */ = {isa = PBXFileReference; fileEncoding = 4; lastKnownFileType = sourcecode.c.objc; path = MyPresentationPopController.m; sourceTree = "<group>"; };
		8AFA144C1E9B2FC8009F8148 /* PopoverView.h */ = {isa = PBXFileReference; fileEncoding = 4; lastKnownFileType = sourcecode.c.h; path = PopoverView.h; sourceTree = "<group>"; };
		8AFA144D1E9B2FC8009F8148 /* PopoverView.m */ = {isa = PBXFileReference; fileEncoding = 4; lastKnownFileType = sourcecode.c.objc; path = PopoverView.m; sourceTree = "<group>"; };
		8AFA144E1E9B2FC8009F8148 /* UIViewController+CustomPresentAnimation.h */ = {isa = PBXFileReference; fileEncoding = 4; lastKnownFileType = sourcecode.c.h; path = "UIViewController+CustomPresentAnimation.h"; sourceTree = "<group>"; };
		8AFA144F1E9B2FC8009F8148 /* UIViewController+CustomPresentAnimation.m */ = {isa = PBXFileReference; fileEncoding = 4; lastKnownFileType = sourcecode.c.objc; path = "UIViewController+CustomPresentAnimation.m"; sourceTree = "<group>"; };
/* End PBXFileReference section */

/* Begin PBXFrameworksBuildPhase section */
		8AFA13BB1E9B23A3009F8148 /* Frameworks */ = {
			isa = PBXFrameworksBuildPhase;
			buildActionMask = 2147483647;
			files = (
			);
			runOnlyForDeploymentPostprocessing = 0;
		};
/* End PBXFrameworksBuildPhase section */

/* Begin PBXGroup section */
		8AFA13B51E9B23A2009F8148 = {
			isa = PBXGroup;
			children = (
				8AFA13C01E9B23A3009F8148 /* GLCategories */,
				8AFA13BF1E9B23A3009F8148 /* Products */,
			);
			sourceTree = "<group>";
		};
		8AFA13BF1E9B23A3009F8148 /* Products */ = {
			isa = PBXGroup;
			children = (
				8AFA13BE1E9B23A3009F8148 /* GLCategories.app */,
			);
			name = Products;
			sourceTree = "<group>";
		};
		8AFA13C01E9B23A3009F8148 /* GLCategories */ = {
			isa = PBXGroup;
			children = (
				8AFA13C41E9B23A3009F8148 /* AppDelegate.h */,
				8AFA13C51E9B23A3009F8148 /* AppDelegate.m */,
				8AFA13C71E9B23A3009F8148 /* ViewController.h */,
				8AFA13C81E9B23A3009F8148 /* ViewController.m */,
				8AFA13CA1E9B23A4009F8148 /* Main.storyboard */,
				8AFA14211E9B2FC8009F8148 /* GLCategories */,
				8AFA13CD1E9B23A4009F8148 /* Assets.xcassets */,
				8AFA13CF1E9B23A4009F8148 /* LaunchScreen.storyboard */,
				8AFA13D21E9B23A4009F8148 /* Info.plist */,
				8AFA13C11E9B23A3009F8148 /* Supporting Files */,
			);
			path = GLCategories;
			sourceTree = "<group>";
		};
		8AFA13C11E9B23A3009F8148 /* Supporting Files */ = {
			isa = PBXGroup;
			children = (
				8AFA13C21E9B23A3009F8148 /* main.m */,
			);
			name = "Supporting Files";
			sourceTree = "<group>";
		};
		8AFA14211E9B2FC8009F8148 /* GLCategories */ = {
			isa = PBXGroup;
			children = (
				8AFA14221E9B2FC8009F8148 /* Foundation+Log.m */,
				8AFA14231E9B2FC8009F8148 /* Foundation+Swizzle.m */,
				8AFA14241E9B2FC8009F8148 /* GLCategories.h */,
				8AFA14251E9B2FC8009F8148 /* JYQConst.h */,
				8AFA14261E9B2FC8009F8148 /* JYQConst.m */,
				8AFA14271E9B2FC8009F8148 /* NSNumber+Extension.h */,
				8AFA14281E9B2FC8009F8148 /* NSNumber+Extension.m */,
				8AFA14291E9B2FC8009F8148 /* NSString+Extension.h */,
				8AFA142A1E9B2FC8009F8148 /* NSString+Extension.m */,
				8AFA142B1E9B2FC8009F8148 /* UIAlertController+Block.h */,
				8AFA142C1E9B2FC8009F8148 /* UIAlertController+Block.m */,
				8AFA142D1E9B2FC8009F8148 /* UIBarButtonItem+Extension.h */,
				8AFA142E1E9B2FC8009F8148 /* UIBarButtonItem+Extension.m */,
				8AFA142F1E9B2FC8009F8148 /* UIButton+Extension.h */,
				8AFA14301E9B2FC8009F8148 /* UIButton+Extension.m */,
				8AFA14311E9B2FC8009F8148 /* UIColor+HexRGB.h */,
				8AFA14321E9B2FC8009F8148 /* UIColor+HexRGB.m */,
				8AFA14331E9B2FC8009F8148 /* UIImage+Extension.h */,
				8AFA14341E9B2FC8009F8148 /* UIImage+Extension.m */,
				8AFA14351E9B2FC8009F8148 /* UILabel+numberJump.h */,
				8AFA14361E9B2FC8009F8148 /* UILabel+numberJump.m */,
				8AFA14371E9B2FC8009F8148 /* UITextField+Login.h */,
				8AFA14381E9B2FC8009F8148 /* UITextField+Login.m */,
				8AFA14391E9B2FC8009F8148 /* UIView+Extension.h */,
				8AFA143A1E9B2FC8009F8148 /* UIView+Extension.m */,
				8AFA143B1E9B2FC8009F8148 /* UIViewController+CustomNavigation.h */,
				8AFA143C1E9B2FC8009F8148 /* UIViewController+CustomNavigation.m */,
				8AFA143D1E9B2FC8009F8148 /* UIViewController+PopoverView */,
			);
			path = GLCategories;
			sourceTree = "<group>";
		};
		8AFA143D1E9B2FC8009F8148 /* UIViewController+PopoverView */ = {
			isa = PBXGroup;
			children = (
				8AFA143E1E9B2FC8009F8148 /* AnimationActionSheet.h */,
				8AFA143F1E9B2FC8009F8148 /* AnimationActionSheet.m */,
				8AFA14401E9B2FC8009F8148 /* AnimationDiyAlert.h */,
				8AFA14411E9B2FC8009F8148 /* AnimationDiyAlert.m */,
				8AFA14421E9B2FC8009F8148 /* AnimationPopover.h */,
				8AFA14431E9B2FC8009F8148 /* AnimationPopover.m */,
				8AFA14441E9B2FC8009F8148 /* AnimationPullDown.h */,
				8AFA14451E9B2FC8009F8148 /* AnimationPullDown.m */,
				8AFA14461E9B2FC8009F8148 /* Animator.h */,
				8AFA14471E9B2FC8009F8148 /* Animator.m */,
				8AFA14481E9B2FC8009F8148 /* MyPresentationController.h */,
				8AFA14491E9B2FC8009F8148 /* MyPresentationController.m */,
				8AFA144A1E9B2FC8009F8148 /* MyPresentationPopController.h */,
				8AFA144B1E9B2FC8009F8148 /* MyPresentationPopController.m */,
				8AFA144C1E9B2FC8009F8148 /* PopoverView.h */,
				8AFA144D1E9B2FC8009F8148 /* PopoverView.m */,
				8AFA144E1E9B2FC8009F8148 /* UIViewController+CustomPresentAnimation.h */,
				8AFA144F1E9B2FC8009F8148 /* UIViewController+CustomPresentAnimation.m */,
			);
			path = "UIViewController+PopoverView";
			sourceTree = "<group>";
		};
/* End PBXGroup section */

/* Begin PBXNativeTarget section */
		8AFA13BD1E9B23A3009F8148 /* GLCategories */ = {
			isa = PBXNativeTarget;
			buildConfigurationList = 8AFA13D51E9B23A4009F8148 /* Build configuration list for PBXNativeTarget "GLCategories" */;
			buildPhases = (
				8AFA13BA1E9B23A3009F8148 /* Sources */,
				8AFA13BB1E9B23A3009F8148 /* Frameworks */,
				8AFA13BC1E9B23A3009F8148 /* Resources */,
			);
			buildRules = (
			);
			dependencies = (
			);
			name = GLCategories;
			productName = GLCategories;
			productReference = 8AFA13BE1E9B23A3009F8148 /* GLCategories.app */;
			productType = "com.apple.product-type.application";
		};
/* End PBXNativeTarget section */

/* Begin PBXProject section */
		8AFA13B61E9B23A2009F8148 /* Project object */ = {
			isa = PBXProject;
			attributes = {
				LastUpgradeCheck = 0820;
				ORGANIZATIONNAME = "张国梁";
				TargetAttributes = {
					8AFA13BD1E9B23A3009F8148 = {
						CreatedOnToolsVersion = 8.2.1;
						ProvisioningStyle = Automatic;
					};
				};
			};
			buildConfigurationList = 8AFA13B91E9B23A2009F8148 /* Build configuration list for PBXProject "GLCategories" */;
			compatibilityVersion = "Xcode 3.2";
			developmentRegion = English;
			hasScannedForEncodings = 0;
			knownRegions = (
				en,
				Base,
			);
			mainGroup = 8AFA13B51E9B23A2009F8148;
			productRefGroup = 8AFA13BF1E9B23A3009F8148 /* Products */;
			projectDirPath = "";
			projectRoot = "";
			targets = (
				8AFA13BD1E9B23A3009F8148 /* GLCategories */,
			);
		};
/* End PBXProject section */

/* Begin PBXResourcesBuildPhase section */
		8AFA13BC1E9B23A3009F8148 /* Resources */ = {
			isa = PBXResourcesBuildPhase;
			buildActionMask = 2147483647;
			files = (
				8AFA13D11E9B23A4009F8148 /* LaunchScreen.storyboard in Resources */,
				8AFA13CE1E9B23A4009F8148 /* Assets.xcassets in Resources */,
				8AFA13CC1E9B23A4009F8148 /* Main.storyboard in Resources */,
			);
			runOnlyForDeploymentPostprocessing = 0;
		};
/* End PBXResourcesBuildPhase section */

/* Begin PBXSourcesBuildPhase section */
		8AFA13BA1E9B23A3009F8148 /* Sources */ = {
			isa = PBXSourcesBuildPhase;
			buildActionMask = 2147483647;
			files = (
				8AFA14621E9B2FC8009F8148 /* Animator.m in Sources */,
				8AFA14611E9B2FC8009F8148 /* AnimationPullDown.m in Sources */,
				8AFA145E1E9B2FC8009F8148 /* AnimationActionSheet.m in Sources */,
				8AFA13C91E9B23A3009F8148 /* ViewController.m in Sources */,
				8AFA13C61E9B23A3009F8148 /* AppDelegate.m in Sources */,
				8AFA14641E9B2FC8009F8148 /* MyPresentationPopController.m in Sources */,
				8AFA14551E9B2FC8009F8148 /* UIAlertController+Block.m in Sources */,
				8AFA14601E9B2FC8009F8148 /* AnimationPopover.m in Sources */,
				8AFA14531E9B2FC8009F8148 /* NSNumber+Extension.m in Sources */,
				8AFA14561E9B2FC8009F8148 /* UIBarButtonItem+Extension.m in Sources */,
				8AFA145D1E9B2FC8009F8148 /* UIViewController+CustomNavigation.m in Sources */,
				8AFA14651E9B2FC8009F8148 /* PopoverView.m in Sources */,
				8AFA145A1E9B2FC8009F8148 /* UILabel+numberJump.m in Sources */,
				8AFA14511E9B2FC8009F8148 /* Foundation+Swizzle.m in Sources */,
				8AFA13C31E9B23A3009F8148 /* main.m in Sources */,
				8AFA14571E9B2FC8009F8148 /* UIButton+Extension.m in Sources */,
				8AFA14591E9B2FC8009F8148 /* UIImage+Extension.m in Sources */,
				8AFA14521E9B2FC8009F8148 /* JYQConst.m in Sources */,
				8AFA14501E9B2FC8009F8148 /* Foundation+Log.m in Sources */,
				8AFA14541E9B2FC8009F8148 /* NSString+Extension.m in Sources */,
				8AFA14581E9B2FC8009F8148 /* UIColor+HexRGB.m in Sources */,
				8AFA145C1E9B2FC8009F8148 /* UIView+Extension.m in Sources */,
				8AFA145B1E9B2FC8009F8148 /* UITextField+Login.m in Sources */,
				8AFA145F1E9B2FC8009F8148 /* AnimationDiyAlert.m in Sources */,
				8AFA14661E9B2FC8009F8148 /* UIViewController+CustomPresentAnimation.m in Sources */,
				8AFA14631E9B2FC8009F8148 /* MyPresentationController.m in Sources */,
			);
			runOnlyForDeploymentPostprocessing = 0;
		};
/* End PBXSourcesBuildPhase section */

/* Begin PBXVariantGroup section */
		8AFA13CA1E9B23A4009F8148 /* Main.storyboard */ = {
			isa = PBXVariantGroup;
			children = (
				8AFA13CB1E9B23A4009F8148 /* Base */,
			);
			name = Main.storyboard;
			sourceTree = "<group>";
		};
		8AFA13CF1E9B23A4009F8148 /* LaunchScreen.storyboard */ = {
			isa = PBXVariantGroup;
			children = (
				8AFA13D01E9B23A4009F8148 /* Base */,
			);
			name = LaunchScreen.storyboard;
			sourceTree = "<group>";
		};
/* End PBXVariantGroup section */

/* Begin XCBuildConfiguration section */
		8AFA13D31E9B23A4009F8148 /* Debug */ = {
			isa = XCBuildConfiguration;
			buildSettings = {
				ALWAYS_SEARCH_USER_PATHS = NO;
				CLANG_ANALYZER_NONNULL = YES;
				CLANG_CXX_LANGUAGE_STANDARD = "gnu++0x";
				CLANG_CXX_LIBRARY = "libc++";
				CLANG_ENABLE_MODULES = YES;
				CLANG_ENABLE_OBJC_ARC = YES;
				CLANG_WARN_BOOL_CONVERSION = YES;
				CLANG_WARN_CONSTANT_CONVERSION = YES;
				CLANG_WARN_DIRECT_OBJC_ISA_USAGE = YES_ERROR;
				CLANG_WARN_DOCUMENTATION_COMMENTS = YES;
				CLANG_WARN_EMPTY_BODY = YES;
				CLANG_WARN_ENUM_CONVERSION = YES;
				CLANG_WARN_INFINITE_RECURSION = YES;
				CLANG_WARN_INT_CONVERSION = YES;
				CLANG_WARN_OBJC_ROOT_CLASS = YES_ERROR;
				CLANG_WARN_SUSPICIOUS_MOVE = YES;
				CLANG_WARN_UNREACHABLE_CODE = YES;
				CLANG_WARN__DUPLICATE_METHOD_MATCH = YES;
				"CODE_SIGN_IDENTITY[sdk=iphoneos*]" = "iPhone Developer";
				COPY_PHASE_STRIP = NO;
				DEBUG_INFORMATION_FORMAT = dwarf;
				ENABLE_STRICT_OBJC_MSGSEND = YES;
				ENABLE_TESTABILITY = YES;
				GCC_C_LANGUAGE_STANDARD = gnu99;
				GCC_DYNAMIC_NO_PIC = NO;
				GCC_NO_COMMON_BLOCKS = YES;
				GCC_OPTIMIZATION_LEVEL = 0;
				GCC_PREPROCESSOR_DEFINITIONS = (
					"DEBUG=1",
					"$(inherited)",
				);
				GCC_WARN_64_TO_32_BIT_CONVERSION = YES;
				GCC_WARN_ABOUT_RETURN_TYPE = YES_ERROR;
				GCC_WARN_UNDECLARED_SELECTOR = YES;
				GCC_WARN_UNINITIALIZED_AUTOS = YES_AGGRESSIVE;
				GCC_WARN_UNUSED_FUNCTION = YES;
				GCC_WARN_UNUSED_VARIABLE = YES;
				IPHONEOS_DEPLOYMENT_TARGET = 10.2;
				MTL_ENABLE_DEBUG_INFO = YES;
				ONLY_ACTIVE_ARCH = YES;
				SDKROOT = iphoneos;
			};
			name = Debug;
		};
		8AFA13D41E9B23A4009F8148 /* Release */ = {
			isa = XCBuildConfiguration;
			buildSettings = {
				ALWAYS_SEARCH_USER_PATHS = NO;
				CLANG_ANALYZER_NONNULL = YES;
				CLANG_CXX_LANGUAGE_STANDARD = "gnu++0x";
				CLANG_CXX_LIBRARY = "libc++";
				CLANG_ENABLE_MODULES = YES;
				CLANG_ENABLE_OBJC_ARC = YES;
				CLANG_WARN_BOOL_CONVERSION = YES;
				CLANG_WARN_CONSTANT_CONVERSION = YES;
				CLANG_WARN_DIRECT_OBJC_ISA_USAGE = YES_ERROR;
				CLANG_WARN_DOCUMENTATION_COMMENTS = YES;
				CLANG_WARN_EMPTY_BODY = YES;
				CLANG_WARN_ENUM_CONVERSION = YES;
				CLANG_WARN_INFINITE_RECURSION = YES;
				CLANG_WARN_INT_CONVERSION = YES;
				CLANG_WARN_OBJC_ROOT_CLASS = YES_ERROR;
				CLANG_WARN_SUSPICIOUS_MOVE = YES;
				CLANG_WARN_UNREACHABLE_CODE = YES;
				CLANG_WARN__DUPLICATE_METHOD_MATCH = YES;
				"CODE_SIGN_IDENTITY[sdk=iphoneos*]" = "iPhone Developer";
				COPY_PHASE_STRIP = NO;
				DEBUG_INFORMATION_FORMAT = "dwarf-with-dsym";
				ENABLE_NS_ASSERTIONS = NO;
				ENABLE_STRICT_OBJC_MSGSEND = YES;
				GCC_C_LANGUAGE_STANDARD = gnu99;
				GCC_NO_COMMON_BLOCKS = YES;
				GCC_WARN_64_TO_32_BIT_CONVERSION = YES;
				GCC_WARN_ABOUT_RETURN_TYPE = YES_ERROR;
				GCC_WARN_UNDECLARED_SELECTOR = YES;
				GCC_WARN_UNINITIALIZED_AUTOS = YES_AGGRESSIVE;
				GCC_WARN_UNUSED_FUNCTION = YES;
				GCC_WARN_UNUSED_VARIABLE = YES;
				IPHONEOS_DEPLOYMENT_TARGET = 10.2;
				MTL_ENABLE_DEBUG_INFO = NO;
				SDKROOT = iphoneos;
				VALIDATE_PRODUCT = YES;
			};
			name = Release;
		};
		8AFA13D61E9B23A4009F8148 /* Debug */ = {
			isa = XCBuildConfiguration;
			buildSettings = {
				ASSETCATALOG_COMPILER_APPICON_NAME = AppIcon;
				INFOPLIST_FILE = GLCategories/Info.plist;
				LD_RUNPATH_SEARCH_PATHS = "$(inherited) @executable_path/Frameworks";
				PRODUCT_BUNDLE_IDENTIFIER = com.gl.category.GLCategories;
				PRODUCT_NAME = "$(TARGET_NAME)";
			};
			name = Debug;
		};
		8AFA13D71E9B23A4009F8148 /* Release */ = {
			isa = XCBuildConfiguration;
			buildSettings = {
				ASSETCATALOG_COMPILER_APPICON_NAME = AppIcon;
				INFOPLIST_FILE = GLCategories/Info.plist;
				LD_RUNPATH_SEARCH_PATHS = "$(inherited) @executable_path/Frameworks";
				PRODUCT_BUNDLE_IDENTIFIER = com.gl.category.GLCategories;
				PRODUCT_NAME = "$(TARGET_NAME)";
			};
			name = Release;
		};
/* End XCBuildConfiguration section */

/* Begin XCConfigurationList section */
		8AFA13B91E9B23A2009F8148 /* Build configuration list for PBXProject "GLCategories" */ = {
			isa = XCConfigurationList;
			buildConfigurations = (
				8AFA13D31E9B23A4009F8148 /* Debug */,
				8AFA13D41E9B23A4009F8148 /* Release */,
			);
			defaultConfigurationIsVisible = 0;
			defaultConfigurationName = Release;
		};
		8AFA13D51E9B23A4009F8148 /* Build configuration list for PBXNativeTarget "GLCategories" */ = {
			isa = XCConfigurationList;
			buildConfigurations = (
				8AFA13D61E9B23A4009F8148 /* Debug */,
				8AFA13D71E9B23A4009F8148 /* Release */,
			);
			defaultConfigurationIsVisible = 0;
			defaultConfigurationName = Release;
		};
/* End XCConfigurationList section */
	};
	rootObject = 8AFA13B61E9B23A2009F8148 /* Project object */;
}
